
Microsoft Visual Studio Solution File, Format Version 12.00
# Visual Studio Version 17
VisualStudioVersion = 17.1.32228.430
MinimumVisualStudioVersion = 10.0.40219.1
Project("{FAE04EC0-301F-11D3-BF4B-00C04F79EFBC}") = "Veterinaria", "Veterinaria\Veterinaria.csproj", "{081CCC68-4185-441B-828A-EC18B8776166}"
EndProject
Global
	GlobalSection(SolutionConfigurationPlatforms) = preSolution
		Debug|Any CPU = Debug|Any CPU
		Release|Any CPU = Release|Any CPU
	EndGlobalSection
	GlobalSection(ProjectConfigurationPlatforms) = postSolution
		{081CCC68-4185-441B-828A-EC18B8776166}.Debug|Any CPU.ActiveCfg = Debug|Any CPU
		{081CCC68-4185-441B-828A-EC18B8776166}.Debug|Any CPU.Build.0 = Debug|Any CPU
		{081CCC68-4185-441B-828A-EC18B8776166}.Release|Any CPU.ActiveCfg = Release|Any CPU
		{081CCC68-4185-441B-828A-EC18B8776166}.Release|Any CPU.Build.0 = Release|Any CPU
	EndGlobalSection
	GlobalSection(SolutionProperties) = preSolution
		HideSolutionNode = FALSE
	EndGlobalSection
	GlobalSection(ExtensibilityGlobals) = postSolution
		SolutionGuid = {F98A2304-B3CB-4BD1-849B-792F6186B1F4}
	EndGlobalSection
EndGlobal
